
Microsoft Visual Studio Solution File, Format Version 12.00
# Visual Studio 15
VisualStudioVersion = 15.0.26124.0
MinimumVisualStudioVersion = 15.0.26124.0
Project("{FAE04EC0-301F-11D3-BF4B-00C04F79EFBC}") = "HeliSharpLib", "HeliSharpLib\HeliSharpLib.csproj", "{12399BFD-761D-48A9-94AF-28704E3EF05D}"
EndProject
Project("{FAE04EC0-301F-11D3-BF4B-00C04F79EFBC}") = "HeliSharpTest", "HeliSharpTest\HeliSharpTest.csproj", "{AA5361D1-5DB6-4644-ACA3-276A0C373A23}"
EndProject
Project("{FAE04EC0-301F-11D3-BF4B-00C04F79EFBC}") = "HeliSharpTool", "HeliSharpTool\HeliSharpTool.csproj", "{8886FFB4-192F-48DF-976D-3BE72A0B8EE9}"
EndProject
Global
	GlobalSection(SolutionConfigurationPlatforms) = preSolution
		Debug|Any CPU = Debug|Any CPU
		Debug|x64 = Debug|x64
		Debug|x86 = Debug|x86
		Release|Any CPU = Release|Any CPU
		Release|x64 = Release|x64
		Release|x86 = Release|x86
	EndGlobalSection
	GlobalSection(SolutionProperties) = preSolution
		HideSolutionNode = FALSE
	EndGlobalSection
	GlobalSection(ProjectConfigurationPlatforms) = postSolution
		{12399BFD-761D-48A9-94AF-28704E3EF05D}.Debug|Any CPU.ActiveCfg = Debug|Any CPU
		{12399BFD-761D-48A9-94AF-28704E3EF05D}.Debug|Any CPU.Build.0 = Debug|Any CPU
		{12399BFD-761D-48A9-94AF-28704E3EF05D}.Debug|x64.ActiveCfg = Debug|Any CPU
		{12399BFD-761D-48A9-94AF-28704E3EF05D}.Debug|x64.Build.0 = Debug|Any CPU
		{12399BFD-761D-48A9-94AF-28704E3EF05D}.Debug|x86.ActiveCfg = Debug|Any CPU
		{12399BFD-761D-48A9-94AF-28704E3EF05D}.Debug|x86.Build.0 = Debug|Any CPU
		{12399BFD-761D-48A9-94AF-28704E3EF05D}.Release|Any CPU.ActiveCfg = Release|Any CPU
		{12399BFD-761D-48A9-94AF-28704E3EF05D}.Release|Any CPU.Build.0 = Release|Any CPU
		{12399BFD-761D-48A9-94AF-28704E3EF05D}.Release|x64.ActiveCfg = Release|Any CPU
		{12399BFD-761D-48A9-94AF-28704E3EF05D}.Release|x64.Build.0 = Release|Any CPU
		{12399BFD-761D-48A9-94AF-28704E3EF05D}.Release|x86.ActiveCfg = Release|Any CPU
		{12399BFD-761D-48A9-94AF-28704E3EF05D}.Release|x86.Build.0 = Release|Any CPU
		{AA5361D1-5DB6-4644-ACA3-276A0C373A23}.Debug|Any CPU.ActiveCfg = Debug|Any CPU
		{AA5361D1-5DB6-4644-ACA3-276A0C373A23}.Debug|Any CPU.Build.0 = Debug|Any CPU
		{AA5361D1-5DB6-4644-ACA3-276A0C373A23}.Debug|x64.ActiveCfg = Debug|Any CPU
		{AA5361D1-5DB6-4644-ACA3-276A0C373A23}.Debug|x64.Build.0 = Debug|Any CPU
		{AA5361D1-5DB6-4644-ACA3-276A0C373A23}.Debug|x86.ActiveCfg = Debug|Any CPU
		{AA5361D1-5DB6-4644-ACA3-276A0C373A23}.Debug|x86.Build.0 = Debug|Any CPU
		{AA5361D1-5DB6-4644-ACA3-276A0C373A23}.Release|Any CPU.ActiveCfg = Release|Any CPU
		{AA5361D1-5DB6-4644-ACA3-276A0C373A23}.Release|Any CPU.Build.0 = Release|Any CPU
		{AA5361D1-5DB6-4644-ACA3-276A0C373A23}.Release|x64.ActiveCfg = Release|Any CPU
		{AA5361D1-5DB6-4644-ACA3-276A0C373A23}.Release|x64.Build.0 = Release|Any CPU
		{AA5361D1-5DB6-4644-ACA3-276A0C373A23}.Release|x86.ActiveCfg = Release|Any CPU
		{AA5361D1-5DB6-4644-ACA3-276A0C373A23}.Release|x86.Build.0 = Release|Any CPU
		{8886FFB4-192F-48DF-976D-3BE72A0B8EE9}.Debug|Any CPU.ActiveCfg = Debug|Any CPU
		{8886FFB4-192F-48DF-976D-3BE72A0B8EE9}.Debug|Any CPU.Build.0 = Debug|Any CPU
		{8886FFB4-192F-48DF-976D-3BE72A0B8EE9}.Debug|x64.ActiveCfg = Debug|Any CPU
		{8886FFB4-192F-48DF-976D-3BE72A0B8EE9}.Debug|x64.Build.0 = Debug|Any CPU
		{8886FFB4-192F-48DF-976D-3BE72A0B8EE9}.Debug|x86.ActiveCfg = Debug|Any CPU
		{8886FFB4-192F-48DF-976D-3BE72A0B8EE9}.Debug|x86.Build.0 = Debug|Any CPU
		{8886FFB4-192F-48DF-976D-3BE72A0B8EE9}.Release|Any CPU.ActiveCfg = Release|Any CPU
		{8886FFB4-192F-48DF-976D-3BE72A0B8EE9}.Release|Any CPU.Build.0 = Release|Any CPU
		{8886FFB4-192F-48DF-976D-3BE72A0B8EE9}.Release|x64.ActiveCfg = Release|Any CPU
		{8886FFB4-192F-48DF-976D-3BE72A0B8EE9}.Release|x64.Build.0 = Release|Any CPU
		{8886FFB4-192F-48DF-976D-3BE72A0B8EE9}.Release|x86.ActiveCfg = Release|Any CPU
		{8886FFB4-192F-48DF-976D-3BE72A0B8EE9}.Release|x86.Build.0 = Release|Any CPU
	EndGlobalSection
EndGlobal
